github.com/gaurav-mangat/dog v0.0.0-20240719051629-531b521f5ba2 h1:4T72aw8STZZ/HF5Vb54+EuzRtkgMVqBvvfwerri4p7Q=
github.com/gaurav-mangat/dog v0.0.0-20240719051629-531b521f5ba2/go.mod h1:7OmqM3lyDZA/cSREbQzv+OPSMbpT0hczW30Hj88rbsE=
github.com/gaurav-mangat/dog v0.0.0-20240720142321-eabb501123b2 h1:B6dSmcO6FnLnGcMjZ28PnFuzFRzGGz8YnxiIfLIf41k=
github.com/gaurav-mangat/dog v0.0.0-20240720142321-eabb501123b2/go.mod h1:7OmqM3lyDZA/cSREbQzv+OPSMbpT0hczW30Hj88rbsE=
